
Microsoft Visual Studio Solution File, Format Version 12.00
# Visual Studio Version 16
VisualStudioVersion = 16.0.31911.196
MinimumVisualStudioVersion = 10.0.40219.1
Project("{9A19103F-16F7-4668-BE54-9A1E7A4F7556}") = "BLH3L9_HFT_2021222.Client", "BLH3L9_HFT_2021222.Client\BLH3L9_HFT_2021222.Client.csproj", "{4EBE2A68-146A-4728-A85F-689BB71DEB46}"
EndProject
Project("{9A19103F-16F7-4668-BE54-9A1E7A4F7556}") = "BLH3L9_HFT_2021222.Models", "BLH3L9_HFT_2021222.Models\BLH3L9_HFT_2021222.Models.csproj", "{63DD4C73-4D03-4F7A-9C73-C4719F57DFCB}"
EndProject
Project("{9A19103F-16F7-4668-BE54-9A1E7A4F7556}") = "BLH3L9_HFT_2021222.Logic", "BLH3L9_HFT_2021222.Logic\BLH3L9_HFT_2021222.Logic.csproj", "{53FB493D-F090-449E-9305-662ECA566969}"
EndProject
Project("{9A19103F-16F7-4668-BE54-9A1E7A4F7556}") = "BLH3L9_HFT_2021222.Repository", "BLH3L9_HFT_2021222.Repository\BLH3L9_HFT_2021222.Repository.csproj", "{4BF3BA14-EEB9-4B76-B58D-012F0B189F74}"
EndProject
Project("{9A19103F-16F7-4668-BE54-9A1E7A4F7556}") = "BLH3L9_HFT_2021222.Endpoint", "BLH3L9_HFT_2021222.Endpoint\BLH3L9_HFT_2021222.Endpoint.csproj", "{8B6C286B-FDE7-4A2F-8F96-D97358395396}"
EndProject
Project("{9A19103F-16F7-4668-BE54-9A1E7A4F7556}") = "BLH3L9_HFT_2021222.Test", "BLH3L9_HFT_2021222.Test\BLH3L9_HFT_2021222.Test.csproj", "{000525F2-3F3E-4398-BC6C-337B3A70CECC}"
EndProject
Project("{2150E333-8FDC-42A3-9474-1A3956D46DE8}") = "Backend", "Backend", "{C992D870-FC33-43F1-846C-68889801B16F}"
EndProject
Project("{2150E333-8FDC-42A3-9474-1A3956D46DE8}") = "Frontend", "Frontend", "{9AC0644D-A8C7-40D7-B02E-495CACDA3D09}"
EndProject
Project("{2150E333-8FDC-42A3-9474-1A3956D46DE8}") = "Shared", "Shared", "{BDA455B5-51B0-4ABC-83BE-B540FEB6BE07}"
EndProject
Project("{2150E333-8FDC-42A3-9474-1A3956D46DE8}") = "Others", "Others", "{49333BF2-5778-441E-8035-BD41BA05D8AC}"
	ProjectSection(SolutionItems) = preProject
		.gitignore = .gitignore
	EndProjectSection
EndProject
Project("{9A19103F-16F7-4668-BE54-9A1E7A4F7556}") = "BLH3L9_HFT_2021222.JSClient", "BLH3L9_HFT_2021222.JSClient\BLH3L9_HFT_2021222.JSClient.csproj", "{D9FAB0C2-72A5-4D8D-84ED-7BD8348F1031}"
EndProject
Project("{9A19103F-16F7-4668-BE54-9A1E7A4F7556}") = "BLH3L9_HFT_2021222.WPFClient", "BLH3L9_HFT_2021222.WPFClient\BLH3L9_HFT_2021222.WPFClient.csproj", "{D41C44B4-3652-4658-AA3A-D22D841A1C3A}"
EndProject
Global
	GlobalSection(SolutionConfigurationPlatforms) = preSolution
		Debug|Any CPU = Debug|Any CPU
		Release|Any CPU = Release|Any CPU
	EndGlobalSection
	GlobalSection(ProjectConfigurationPlatforms) = postSolution
		{4EBE2A68-146A-4728-A85F-689BB71DEB46}.Debug|Any CPU.ActiveCfg = Debug|Any CPU
		{4EBE2A68-146A-4728-A85F-689BB71DEB46}.Debug|Any CPU.Build.0 = Debug|Any CPU
		{4EBE2A68-146A-4728-A85F-689BB71DEB46}.Release|Any CPU.ActiveCfg = Release|Any CPU
		{4EBE2A68-146A-4728-A85F-689BB71DEB46}.Release|Any CPU.Build.0 = Release|Any CPU
		{63DD4C73-4D03-4F7A-9C73-C4719F57DFCB}.Debug|Any CPU.ActiveCfg = Debug|Any CPU
		{63DD4C73-4D03-4F7A-9C73-C4719F57DFCB}.Debug|Any CPU.Build.0 = Debug|Any CPU
		{63DD4C73-4D03-4F7A-9C73-C4719F57DFCB}.Release|Any CPU.ActiveCfg = Release|Any CPU
		{63DD4C73-4D03-4F7A-9C73-C4719F57DFCB}.Release|Any CPU.Build.0 = Release|Any CPU
		{53FB493D-F090-449E-9305-662ECA566969}.Debug|Any CPU.ActiveCfg = Debug|Any CPU
		{53FB493D-F090-449E-9305-662ECA566969}.Debug|Any CPU.Build.0 = Debug|Any CPU
		{53FB493D-F090-449E-9305-662ECA566969}.Release|Any CPU.ActiveCfg = Release|Any CPU
		{53FB493D-F090-449E-9305-662ECA566969}.Release|Any CPU.Build.0 = Release|Any CPU
		{4BF3BA14-EEB9-4B76-B58D-012F0B189F74}.Debug|Any CPU.ActiveCfg = Debug|Any CPU
		{4BF3BA14-EEB9-4B76-B58D-012F0B189F74}.Debug|Any CPU.Build.0 = Debug|Any CPU
		{4BF3BA14-EEB9-4B76-B58D-012F0B189F74}.Release|Any CPU.ActiveCfg = Release|Any CPU
		{4BF3BA14-EEB9-4B76-B58D-012F0B189F74}.Release|Any CPU.Build.0 = Release|Any CPU
		{8B6C286B-FDE7-4A2F-8F96-D97358395396}.Debug|Any CPU.ActiveCfg = Debug|Any CPU
		{8B6C286B-FDE7-4A2F-8F96-D97358395396}.Debug|Any CPU.Build.0 = Debug|Any CPU
		{8B6C286B-FDE7-4A2F-8F96-D97358395396}.Release|Any CPU.ActiveCfg = Release|Any CPU
		{8B6C286B-FDE7-4A2F-8F96-D97358395396}.Release|Any CPU.Build.0 = Release|Any CPU
		{000525F2-3F3E-4398-BC6C-337B3A70CECC}.Debug|Any CPU.ActiveCfg = Debug|Any CPU
		{000525F2-3F3E-4398-BC6C-337B3A70CECC}.Debug|Any CPU.Build.0 = Debug|Any CPU
		{000525F2-3F3E-4398-BC6C-337B3A70CECC}.Release|Any CPU.ActiveCfg = Release|Any CPU
		{000525F2-3F3E-4398-BC6C-337B3A70CECC}.Release|Any CPU.Build.0 = Release|Any CPU
		{D9FAB0C2-72A5-4D8D-84ED-7BD8348F1031}.Debug|Any CPU.ActiveCfg = Debug|Any CPU
		{D9FAB0C2-72A5-4D8D-84ED-7BD8348F1031}.Debug|Any CPU.Build.0 = Debug|Any CPU
		{D9FAB0C2-72A5-4D8D-84ED-7BD8348F1031}.Release|Any CPU.ActiveCfg = Release|Any CPU
		{D9FAB0C2-72A5-4D8D-84ED-7BD8348F1031}.Release|Any CPU.Build.0 = Release|Any CPU
		{D41C44B4-3652-4658-AA3A-D22D841A1C3A}.Debug|Any CPU.ActiveCfg = Debug|Any CPU
		{D41C44B4-3652-4658-AA3A-D22D841A1C3A}.Debug|Any CPU.Build.0 = Debug|Any CPU
		{D41C44B4-3652-4658-AA3A-D22D841A1C3A}.Release|Any CPU.ActiveCfg = Release|Any CPU
		{D41C44B4-3652-4658-AA3A-D22D841A1C3A}.Release|Any CPU.Build.0 = Release|Any CPU
	EndGlobalSection
	GlobalSection(SolutionProperties) = preSolution
		HideSolutionNode = FALSE
	EndGlobalSection
	GlobalSection(NestedProjects) = preSolution
		{4EBE2A68-146A-4728-A85F-689BB71DEB46} = {9AC0644D-A8C7-40D7-B02E-495CACDA3D09}
		{63DD4C73-4D03-4F7A-9C73-C4719F57DFCB} = {BDA455B5-51B0-4ABC-83BE-B540FEB6BE07}
		{53FB493D-F090-449E-9305-662ECA566969} = {C992D870-FC33-43F1-846C-68889801B16F}
		{4BF3BA14-EEB9-4B76-B58D-012F0B189F74} = {C992D870-FC33-43F1-846C-68889801B16F}
		{8B6C286B-FDE7-4A2F-8F96-D97358395396} = {C992D870-FC33-43F1-846C-68889801B16F}
		{000525F2-3F3E-4398-BC6C-337B3A70CECC} = {C992D870-FC33-43F1-846C-68889801B16F}
		{D9FAB0C2-72A5-4D8D-84ED-7BD8348F1031} = {9AC0644D-A8C7-40D7-B02E-495CACDA3D09}
	EndGlobalSection
	GlobalSection(ExtensibilityGlobals) = postSolution
		SolutionGuid = {F4B8EACF-65B2-46BF-BA7E-C956D5077403}
	EndGlobalSection
EndGlobal
